// !$*UTF8*$!
{
	archiveVersion = 1;
	classes = {
	};
	objectVersion = 56;
	objects = {

/* Begin PBXBuildFile section */
		2C09A2462AF5A76900AACB3E /* UIViewController + Extention.swift in Sources */ = {isa = PBXBuildFile; fileRef = 2C09A2452AF5A76900AACB3E /* UIViewController + Extention.swift */; };
		2C8DE2A12AF480F700F6809B /* AppDelegate.swift in Sources */ = {isa = PBXBuildFile; fileRef = 2C8DE2A02AF480F700F6809B /* AppDelegate.swift */; };
		2C8DE2A32AF480F700F6809B /* SceneDelegate.swift in Sources */ = {isa = PBXBuildFile; fileRef = 2C8DE2A22AF480F700F6809B /* SceneDelegate.swift */; };
		2C8DE2A52AF480F700F6809B /* AuthViewController.swift in Sources */ = {isa = PBXBuildFile; fileRef = 2C8DE2A42AF480F700F6809B /* AuthViewController.swift */; };
		2C8DE2AA2AF480F800F6809B /* Assets.xcassets in Resources */ = {isa = PBXBuildFile; fileRef = 2C8DE2A92AF480F800F6809B /* Assets.xcassets */; };
		2C8DE2AD2AF480F800F6809B /* LaunchScreen.storyboard in Resources */ = {isa = PBXBuildFile; fileRef = 2C8DE2AB2AF480F800F6809B /* LaunchScreen.storyboard */; };
		2C8DE2B52AF5318100F6809B /* RepositoriesListViewController.swift in Sources */ = {isa = PBXBuildFile; fileRef = 2C8DE2B42AF5318100F6809B /* RepositoriesListViewController.swift */; };
		2C8DE2B72AF5319700F6809B /* RepositoryDetailInfoViewController.swift in Sources */ = {isa = PBXBuildFile; fileRef = 2C8DE2B62AF5319700F6809B /* RepositoryDetailInfoViewController.swift */; };
		2C8DE2BA2AF5356800F6809B /* Alamofire in Frameworks */ = {isa = PBXBuildFile; productRef = 2C8DE2B92AF5356800F6809B /* Alamofire */; };
		2C9D23D92AFB08F30022F60F /* AppRepository.swift in Sources */ = {isa = PBXBuildFile; fileRef = 2C9D23D82AFB08F30022F60F /* AppRepository.swift */; };
/* End PBXBuildFile section */

/* Begin PBXFileReference section */
		2C09A2452AF5A76900AACB3E /* UIViewController + Extention.swift */ = {isa = PBXFileReference; lastKnownFileType = sourcecode.swift; path = "UIViewController + Extention.swift"; sourceTree = "<group>"; };
		2C8DE29D2AF480F700F6809B /* JuniorGitHubProject.app */ = {isa = PBXFileReference; explicitFileType = wrapper.application; includeInIndex = 0; path = JuniorGitHubProject.app; sourceTree = BUILT_PRODUCTS_DIR; };
		2C8DE2A02AF480F700F6809B /* AppDelegate.swift */ = {isa = PBXFileReference; lastKnownFileType = sourcecode.swift; path = AppDelegate.swift; sourceTree = "<group>"; };
		2C8DE2A22AF480F700F6809B /* SceneDelegate.swift */ = {isa = PBXFileReference; lastKnownFileType = sourcecode.swift; path = SceneDelegate.swift; sourceTree = "<group>"; };
		2C8DE2A42AF480F700F6809B /* AuthViewController.swift */ = {isa = PBXFileReference; lastKnownFileType = sourcecode.swift; path = AuthViewController.swift; sourceTree = "<group>"; };
		2C8DE2A92AF480F800F6809B /* Assets.xcassets */ = {isa = PBXFileReference; lastKnownFileType = folder.assetcatalog; path = Assets.xcassets; sourceTree = "<group>"; };
		2C8DE2AC2AF480F800F6809B /* Base */ = {isa = PBXFileReference; lastKnownFileType = file.storyboard; name = Base; path = Base.lproj/LaunchScreen.storyboard; sourceTree = "<group>"; };
		2C8DE2AE2AF480F800F6809B /* Info.plist */ = {isa = PBXFileReference; lastKnownFileType = text.plist.xml; path = Info.plist; sourceTree = "<group>"; };
		2C8DE2B42AF5318100F6809B /* RepositoriesListViewController.swift */ = {isa = PBXFileReference; lastKnownFileType = sourcecode.swift; path = RepositoriesListViewController.swift; sourceTree = "<group>"; };
		2C8DE2B62AF5319700F6809B /* RepositoryDetailInfoViewController.swift */ = {isa = PBXFileReference; lastKnownFileType = sourcecode.swift; path = RepositoryDetailInfoViewController.swift; sourceTree = "<group>"; };
		2C9D23D82AFB08F30022F60F /* AppRepository.swift */ = {isa = PBXFileReference; lastKnownFileType = sourcecode.swift; path = AppRepository.swift; sourceTree = "<group>"; };
/* End PBXFileReference section */

/* Begin PBXFrameworksBuildPhase section */
		2C8DE29A2AF480F700F6809B /* Frameworks */ = {
			isa = PBXFrameworksBuildPhase;
			buildActionMask = 2147483647;
			files = (
				2C8DE2BA2AF5356800F6809B /* Alamofire in Frameworks */,
			);
			runOnlyForDeploymentPostprocessing = 0;
		};
/* End PBXFrameworksBuildPhase section */

/* Begin PBXGroup section */
		2C8DE2942AF480F700F6809B = {
			isa = PBXGroup;
			children = (
				2C8DE29F2AF480F700F6809B /* JuniorGitHubProject */,
				2C8DE29E2AF480F700F6809B /* Products */,
			);
			sourceTree = "<group>";
		};
		2C8DE29E2AF480F700F6809B /* Products */ = {
			isa = PBXGroup;
			children = (
				2C8DE29D2AF480F700F6809B /* JuniorGitHubProject.app */,
			);
			name = Products;
			sourceTree = "<group>";
		};
		2C8DE29F2AF480F700F6809B /* JuniorGitHubProject */ = {
			isa = PBXGroup;
			children = (
				2C8DE2A02AF480F700F6809B /* AppDelegate.swift */,
				2C8DE2A22AF480F700F6809B /* SceneDelegate.swift */,
				2C9D23DA2AFB09CA0022F60F /* Controllers */,
				2C9D23D82AFB08F30022F60F /* AppRepository.swift */,
				2C8DE2A92AF480F800F6809B /* Assets.xcassets */,
				2C8DE2AB2AF480F800F6809B /* LaunchScreen.storyboard */,
				2C8DE2AE2AF480F800F6809B /* Info.plist */,
				2C09A2452AF5A76900AACB3E /* UIViewController + Extention.swift */,
			);
			path = JuniorGitHubProject;
			sourceTree = "<group>";
		};
		2C9D23DA2AFB09CA0022F60F /* Controllers */ = {
			isa = PBXGroup;
			children = (
				2C8DE2A42AF480F700F6809B /* AuthViewController.swift */,
				2C8DE2B42AF5318100F6809B /* RepositoriesListViewController.swift */,
				2C8DE2B62AF5319700F6809B /* RepositoryDetailInfoViewController.swift */,
			);
			path = Controllers;
			sourceTree = "<group>";
		};
/* End PBXGroup section */

/* Begin PBXNativeTarget section */
		2C8DE29C2AF480F700F6809B /* JuniorGitHubProject */ = {
			isa = PBXNativeTarget;
			buildConfigurationList = 2C8DE2B12AF480F800F6809B /* Build configuration list for PBXNativeTarget "JuniorGitHubProject" */;
			buildPhases = (
				2C8DE2992AF480F700F6809B /* Sources */,
				2C8DE29A2AF480F700F6809B /* Frameworks */,
				2C8DE29B2AF480F700F6809B /* Resources */,
			);
			buildRules = (
			);
			dependencies = (
			);
			name = JuniorGitHubProject;
			packageProductDependencies = (
				2C8DE2B92AF5356800F6809B /* Alamofire */,
			);
			productName = JuniorGitHubProject;
			productReference = 2C8DE29D2AF480F700F6809B /* JuniorGitHubProject.app */;
			productType = "com.apple.product-type.application";
		};
/* End PBXNativeTarget section */

/* Begin PBXProject section */
		2C8DE2952AF480F700F6809B /* Project object */ = {
			isa = PBXProject;
			attributes = {
				BuildIndependentTargetsInParallel = 1;
				LastSwiftUpdateCheck = 1500;
				LastUpgradeCheck = 1500;
				TargetAttributes = {
					2C8DE29C2AF480F700F6809B = {
						CreatedOnToolsVersion = 15.0.1;
					};
				};
			};
			buildConfigurationList = 2C8DE2982AF480F700F6809B /* Build configuration list for PBXProject "JuniorGitHubProject" */;
			compatibilityVersion = "Xcode 14.0";
			developmentRegion = en;
			hasScannedForEncodings = 0;
			knownRegions = (
				en,
				Base,
			);
			mainGroup = 2C8DE2942AF480F700F6809B;
			packageReferences = (
				2C8DE2B82AF5356800F6809B /* XCRemoteSwiftPackageReference "Alamofire" */,
			);
			productRefGroup = 2C8DE29E2AF480F700F6809B /* Products */;
			projectDirPath = "";
			projectRoot = "";
			targets = (
				2C8DE29C2AF480F700F6809B /* JuniorGitHubProject */,
			);
		};
/* End PBXProject section */

/* Begin PBXResourcesBuildPhase section */
		2C8DE29B2AF480F700F6809B /* Resources */ = {
			isa = PBXResourcesBuildPhase;
			buildActionMask = 2147483647;
			files = (
				2C8DE2AD2AF480F800F6809B /* LaunchScreen.storyboard in Resources */,
				2C8DE2AA2AF480F800F6809B /* Assets.xcassets in Resources */,
			);
			runOnlyForDeploymentPostprocessing = 0;
		};
/* End PBXResourcesBuildPhase section */

/* Begin PBXSourcesBuildPhase section */
		2C8DE2992AF480F700F6809B /* Sources */ = {
			isa = PBXSourcesBuildPhase;
			buildActionMask = 2147483647;
			files = (
				2C9D23D92AFB08F30022F60F /* AppRepository.swift in Sources */,
				2C8DE2A52AF480F700F6809B /* AuthViewController.swift in Sources */,
				2C8DE2A12AF480F700F6809B /* AppDelegate.swift in Sources */,
				2C8DE2B52AF5318100F6809B /* RepositoriesListViewController.swift in Sources */,
				2C8DE2B72AF5319700F6809B /* RepositoryDetailInfoViewController.swift in Sources */,
				2C8DE2A32AF480F700F6809B /* SceneDelegate.swift in Sources */,
				2C09A2462AF5A76900AACB3E /* UIViewController + Extention.swift in Sources */,
			);
			runOnlyForDeploymentPostprocessing = 0;
		};
/* End PBXSourcesBuildPhase section */

/* Begin PBXVariantGroup section */
		2C8DE2AB2AF480F800F6809B /* LaunchScreen.storyboard */ = {
			isa = PBXVariantGroup;
			children = (
				2C8DE2AC2AF480F800F6809B /* Base */,
			);
			name = LaunchScreen.storyboard;
			sourceTree = "<group>";
		};
/* End PBXVariantGroup section */

/* Begin XCBuildConfiguration section */
		2C8DE2AF2AF480F800F6809B /* Debug */ = {
			isa = XCBuildConfiguration;
			buildSettings = {
				ALWAYS_SEARCH_USER_PATHS = NO;
				ASSETCATALOG_COMPILER_GENERATE_SWIFT_ASSET_SYMBOL_EXTENSIONS = YES;
				CLANG_ANALYZER_NONNULL = YES;
				CLANG_ANALYZER_NUMBER_OBJECT_CONVERSION = YES_AGGRESSIVE;
				CLANG_CXX_LANGUAGE_STANDARD = "gnu++20";
				CLANG_ENABLE_MODULES = YES;
				CLANG_ENABLE_OBJC_ARC = YES;
				CLANG_ENABLE_OBJC_WEAK = YES;
				CLANG_WARN_BLOCK_CAPTURE_AUTORELEASING = YES;
				CLANG_WARN_BOOL_CONVERSION = YES;
				CLANG_WARN_COMMA = YES;
				CLANG_WARN_CONSTANT_CONVERSION = YES;
				CLANG_WARN_DEPRECATED_OBJC_IMPLEMENTATIONS = YES;
				CLANG_WARN_DIRECT_OBJC_ISA_USAGE = YES_ERROR;
				CLANG_WARN_DOCUMENTATION_COMMENTS = YES;
				CLANG_WARN_EMPTY_BODY = YES;
				CLANG_WARN_ENUM_CONVERSION = YES;
				CLANG_WARN_INFINITE_RECURSION = YES;
				CLANG_WARN_INT_CONVERSION = YES;
				CLANG_WARN_NON_LITERAL_NULL_CONVERSION = YES;
				CLANG_WARN_OBJC_IMPLICIT_RETAIN_SELF = YES;
				CLANG_WARN_OBJC_LITERAL_CONVERSION = YES;
				CLANG_WARN_OBJC_ROOT_CLASS = YES_ERROR;
				CLANG_WARN_QUOTED_INCLUDE_IN_FRAMEWORK_HEADER = YES;
				CLANG_WARN_RANGE_LOOP_ANALYSIS = YES;
				CLANG_WARN_STRICT_PROTOTYPES = YES;
				CLANG_WARN_SUSPICIOUS_MOVE = YES;
				CLANG_WARN_UNGUARDED_AVAILABILITY = YES_AGGRESSIVE;
				CLANG_WARN_UNREACHABLE_CODE = YES;
				CLANG_WARN__DUPLICATE_METHOD_MATCH = YES;
				COPY_PHASE_STRIP = NO;
				DEBUG_INFORMATION_FORMAT = dwarf;
				ENABLE_STRICT_OBJC_MSGSEND = YES;
				ENABLE_TESTABILITY = YES;
				ENABLE_USER_SCRIPT_SANDBOXING = YES;
				GCC_C_LANGUAGE_STANDARD = gnu17;
				GCC_DYNAMIC_NO_PIC = NO;
				GCC_NO_COMMON_BLOCKS = YES;
				GCC_OPTIMIZATION_LEVEL = 0;
				GCC_PREPROCESSOR_DEFINITIONS = (
					"DEBUG=1",
					"$(inherited)",
				);
				GCC_WARN_64_TO_32_BIT_CONVERSION = YES;
				GCC_WARN_ABOUT_RETURN_TYPE = YES_ERROR;
				GCC_WARN_UNDECLARED_SELECTOR = YES;
				GCC_WARN_UNINITIALIZED_AUTOS = YES_AGGRESSIVE;
				GCC_WARN_UNUSED_FUNCTION = YES;
				GCC_WARN_UNUSED_VARIABLE = YES;
				IPHONEOS_DEPLOYMENT_TARGET = 17.0;
				LOCALIZATION_PREFERS_STRING_CATALOGS = YES;
				MTL_ENABLE_DEBUG_INFO = INCLUDE_SOURCE;
				MTL_FAST_MATH = YES;
				ONLY_ACTIVE_ARCH = YES;
				SDKROOT = iphoneos;
				SWIFT_ACTIVE_COMPILATION_CONDITIONS = "DEBUG $(inherited)";
				SWIFT_OPTIMIZATION_LEVEL = "-Onone";
			};
			name = Debug;
		};
		2C8DE2B02AF480F800F6809B /* Release */ = {
			isa = XCBuildConfiguration;
			buildSettings = {
				ALWAYS_SEARCH_USER_PATHS = NO;
				ASSETCATALOG_COMPILER_GENERATE_SWIFT_ASSET_SYMBOL_EXTENSIONS = YES;
				CLANG_ANALYZER_NONNULL = YES;
				CLANG_ANALYZER_NUMBER_OBJECT_CONVERSION = YES_AGGRESSIVE;
				CLANG_CXX_LANGUAGE_STANDARD = "gnu++20";
				CLANG_ENABLE_MODULES = YES;
				CLANG_ENABLE_OBJC_ARC = YES;
				CLANG_ENABLE_OBJC_WEAK = YES;
				CLANG_WARN_BLOCK_CAPTURE_AUTORELEASING = YES;
				CLANG_WARN_BOOL_CONVERSION = YES;
				CLANG_WARN_COMMA = YES;
				CLANG_WARN_CONSTANT_CONVERSION = YES;
				CLANG_WARN_DEPRECATED_OBJC_IMPLEMENTATIONS = YES;
				CLANG_WARN_DIRECT_OBJC_ISA_USAGE = YES_ERROR;
				CLANG_WARN_DOCUMENTATION_COMMENTS = YES;
				CLANG_WARN_EMPTY_BODY = YES;
				CLANG_WARN_ENUM_CONVERSION = YES;
				CLANG_WARN_INFINITE_RECURSION = YES;
				CLANG_WARN_INT_CONVERSION = YES;
				CLANG_WARN_NON_LITERAL_NULL_CONVERSION = YES;
				CLANG_WARN_OBJC_IMPLICIT_RETAIN_SELF = YES;
				CLANG_WARN_OBJC_LITERAL_CONVERSION = YES;
				CLANG_WARN_OBJC_ROOT_CLASS = YES_ERROR;
				CLANG_WARN_QUOTED_INCLUDE_IN_FRAMEWORK_HEADER = YES;
				CLANG_WARN_RANGE_LOOP_ANALYSIS = YES;
				CLANG_WARN_STRICT_PROTOTYPES = YES;
				CLANG_WARN_SUSPICIOUS_MOVE = YES;
				CLANG_WARN_UNGUARDED_AVAILABILITY = YES_AGGRESSIVE;
				CLANG_WARN_UNREACHABLE_CODE = YES;
				CLANG_WARN__DUPLICATE_METHOD_MATCH = YES;
				COPY_PHASE_STRIP = NO;
				DEBUG_INFORMATION_FORMAT = "dwarf-with-dsym";
				ENABLE_NS_ASSERTIONS = NO;
				ENABLE_STRICT_OBJC_MSGSEND = YES;
				ENABLE_USER_SCRIPT_SANDBOXING = YES;
				GCC_C_LANGUAGE_STANDARD = gnu17;
				GCC_NO_COMMON_BLOCKS = YES;
				GCC_WARN_64_TO_32_BIT_CONVERSION = YES;
				GCC_WARN_ABOUT_RETURN_TYPE = YES_ERROR;
				GCC_WARN_UNDECLARED_SELECTOR = YES;
				GCC_WARN_UNINITIALIZED_AUTOS = YES_AGGRESSIVE;
				GCC_WARN_UNUSED_FUNCTION = YES;
				GCC_WARN_UNUSED_VARIABLE = YES;
				IPHONEOS_DEPLOYMENT_TARGET = 17.0;
				LOCALIZATION_PREFERS_STRING_CATALOGS = YES;
				MTL_ENABLE_DEBUG_INFO = NO;
				MTL_FAST_MATH = YES;
				SDKROOT = iphoneos;
				SWIFT_COMPILATION_MODE = wholemodule;
				VALIDATE_PRODUCT = YES;
			};
			name = Release;
		};
		2C8DE2B22AF480F800F6809B /* Debug */ = {
			isa = XCBuildConfiguration;
			buildSettings = {
				ASSETCATALOG_COMPILER_APPICON_NAME = AppIcon;
				ASSETCATALOG_COMPILER_GLOBAL_ACCENT_COLOR_NAME = AccentColor;
				CODE_SIGN_STYLE = Automatic;
				CURRENT_PROJECT_VERSION = 1;
				DEVELOPMENT_TEAM = 9FWV8TD269;
				GENERATE_INFOPLIST_FILE = YES;
				INFOPLIST_FILE = JuniorGitHubProject/Info.plist;
				INFOPLIST_KEY_UIApplicationSupportsIndirectInputEvents = YES;
				INFOPLIST_KEY_UILaunchStoryboardName = LaunchScreen;
				INFOPLIST_KEY_UISupportedInterfaceOrientations_iPad = "UIInterfaceOrientationPortrait UIInterfaceOrientationPortraitUpsideDown UIInterfaceOrientationLandscapeLeft UIInterfaceOrientationLandscapeRight";
				INFOPLIST_KEY_UISupportedInterfaceOrientations_iPhone = "UIInterfaceOrientationPortrait UIInterfaceOrientationLandscapeLeft UIInterfaceOrientationLandscapeRight";
				IPHONEOS_DEPLOYMENT_TARGET = 13.0;
				LD_RUNPATH_SEARCH_PATHS = (
					"$(inherited)",
					"@executable_path/Frameworks",
				);
				MARKETING_VERSION = 1.0;
				PRODUCT_BUNDLE_IDENTIFIER = "Ramazanow-Roman.JuniorGitHubProject";
				PRODUCT_NAME = "$(TARGET_NAME)";
				SWIFT_EMIT_LOC_STRINGS = YES;
				SWIFT_VERSION = 5.0;
				TARGETED_DEVICE_FAMILY = "1,2";
			};
			name = Debug;
		};
		2C8DE2B32AF480F800F6809B /* Release */ = {
			isa = XCBuildConfiguration;
			buildSettings = {
				ASSETCATALOG_COMPILER_APPICON_NAME = AppIcon;
				ASSETCATALOG_COMPILER_GLOBAL_ACCENT_COLOR_NAME = AccentColor;
				CODE_SIGN_STYLE = Automatic;
				CURRENT_PROJECT_VERSION = 1;
				DEVELOPMENT_TEAM = 9FWV8TD269;
				GENERATE_INFOPLIST_FILE = YES;
				INFOPLIST_FILE = JuniorGitHubProject/Info.plist;
				INFOPLIST_KEY_UIApplicationSupportsIndirectInputEvents = YES;
				INFOPLIST_KEY_UILaunchStoryboardName = LaunchScreen;
				INFOPLIST_KEY_UISupportedInterfaceOrientations_iPad = "UIInterfaceOrientationPortrait UIInterfaceOrientationPortraitUpsideDown UIInterfaceOrientationLandscapeLeft UIInterfaceOrientationLandscapeRight";
				INFOPLIST_KEY_UISupportedInterfaceOrientations_iPhone = "UIInterfaceOrientationPortrait UIInterfaceOrientationLandscapeLeft UIInterfaceOrientationLandscapeRight";
				IPHONEOS_DEPLOYMENT_TARGET = 13.0;
				LD_RUNPATH_SEARCH_PATHS = (
					"$(inherited)",
					"@executable_path/Frameworks",
				);
				MARKETING_VERSION = 1.0;
				PRODUCT_BUNDLE_IDENTIFIER = "Ramazanow-Roman.JuniorGitHubProject";
				PRODUCT_NAME = "$(TARGET_NAME)";
				SWIFT_EMIT_LOC_STRINGS = YES;
				SWIFT_VERSION = 5.0;
				TARGETED_DEVICE_FAMILY = "1,2";
			};
			name = Release;
		};
/* End XCBuildConfiguration section */

/* Begin XCConfigurationList section */
		2C8DE2982AF480F700F6809B /* Build configuration list for PBXProject "JuniorGitHubProject" */ = {
			isa = XCConfigurationList;
			buildConfigurations = (
				2C8DE2AF2AF480F800F6809B /* Debug */,
				2C8DE2B02AF480F800F6809B /* Release */,
			);
			defaultConfigurationIsVisible = 0;
			defaultConfigurationName = Release;
		};
		2C8DE2B12AF480F800F6809B /* Build configuration list for PBXNativeTarget "JuniorGitHubProject" */ = {
			isa = XCConfigurationList;
			buildConfigurations = (
				2C8DE2B22AF480F800F6809B /* Debug */,
				2C8DE2B32AF480F800F6809B /* Release */,
			);
			defaultConfigurationIsVisible = 0;
			defaultConfigurationName = Release;
		};
/* End XCConfigurationList section */

/* Begin XCRemoteSwiftPackageReference section */
		2C8DE2B82AF5356800F6809B /* XCRemoteSwiftPackageReference "Alamofire" */ = {
			isa = XCRemoteSwiftPackageReference;
			repositoryURL = "https://github.com/Alamofire/Alamofire.git";
			requirement = {
				kind = upToNextMajorVersion;
				minimumVersion = 5.8.1;
			};
		};
/* End XCRemoteSwiftPackageReference section */

/* Begin XCSwiftPackageProductDependency section */
		2C8DE2B92AF5356800F6809B /* Alamofire */ = {
			isa = XCSwiftPackageProductDependency;
			package = 2C8DE2B82AF5356800F6809B /* XCRemoteSwiftPackageReference "Alamofire" */;
			productName = Alamofire;
		};
/* End XCSwiftPackageProductDependency section */
	};
	rootObject = 2C8DE2952AF480F700F6809B /* Project object */;
}
